
Microsoft Visual Studio Solution File, Format Version 12.00
# Visual Studio Version 16
VisualStudioVersion = 16.0.29519.87
MinimumVisualStudioVersion = 10.0.40219.1
Project("{FAE04EC0-301F-11D3-BF4B-00C04F79EFBC}") = "App1", "App1\App1.csproj", "{95A4C1F0-3C84-4635-B37F-93B35297F709}"
EndProject
Global
	GlobalSection(SolutionConfigurationPlatforms) = preSolution
		Debug|ARM = Debug|ARM
		Debug|ARM64 = Debug|ARM64
		Debug|x64 = Debug|x64
		Debug|x86 = Debug|x86
		Release|ARM = Release|ARM
		Release|ARM64 = Release|ARM64
		Release|x64 = Release|x64
		Release|x86 = Release|x86
	EndGlobalSection
	GlobalSection(ProjectConfigurationPlatforms) = postSolution
		{95A4C1F0-3C84-4635-B37F-93B35297F709}.Debug|ARM.ActiveCfg = Debug|ARM
		{95A4C1F0-3C84-4635-B37F-93B35297F709}.Debug|ARM.Build.0 = Debug|ARM
		{95A4C1F0-3C84-4635-B37F-93B35297F709}.Debug|ARM.Deploy.0 = Debug|ARM
		{95A4C1F0-3C84-4635-B37F-93B35297F709}.Debug|ARM64.ActiveCfg = Debug|ARM64
		{95A4C1F0-3C84-4635-B37F-93B35297F709}.Debug|ARM64.Build.0 = Debug|ARM64
		{95A4C1F0-3C84-4635-B37F-93B35297F709}.Debug|ARM64.Deploy.0 = Debug|ARM64
		{95A4C1F0-3C84-4635-B37F-93B35297F709}.Debug|x64.ActiveCfg = Debug|x64
		{95A4C1F0-3C84-4635-B37F-93B35297F709}.Debug|x64.Build.0 = Debug|x64
		{95A4C1F0-3C84-4635-B37F-93B35297F709}.Debug|x64.Deploy.0 = Debug|x64
		{95A4C1F0-3C84-4635-B37F-93B35297F709}.Debug|x86.ActiveCfg = Debug|x86
		{95A4C1F0-3C84-4635-B37F-93B35297F709}.Debug|x86.Build.0 = Debug|x86
		{95A4C1F0-3C84-4635-B37F-93B35297F709}.Debug|x86.Deploy.0 = Debug|x86
		{95A4C1F0-3C84-4635-B37F-93B35297F709}.Release|ARM.ActiveCfg = Release|ARM
		{95A4C1F0-3C84-4635-B37F-93B35297F709}.Release|ARM.Build.0 = Release|ARM
		{95A4C1F0-3C84-4635-B37F-93B35297F709}.Release|ARM.Deploy.0 = Release|ARM
		{95A4C1F0-3C84-4635-B37F-93B35297F709}.Release|ARM64.ActiveCfg = Release|ARM64
		{95A4C1F0-3C84-4635-B37F-93B35297F709}.Release|ARM64.Build.0 = Release|ARM64
		{95A4C1F0-3C84-4635-B37F-93B35297F709}.Release|ARM64.Deploy.0 = Release|ARM64
		{95A4C1F0-3C84-4635-B37F-93B35297F709}.Release|x64.ActiveCfg = Release|x64
		{95A4C1F0-3C84-4635-B37F-93B35297F709}.Release|x64.Build.0 = Release|x64
		{95A4C1F0-3C84-4635-B37F-93B35297F709}.Release|x64.Deploy.0 = Release|x64
		{95A4C1F0-3C84-4635-B37F-93B35297F709}.Release|x86.ActiveCfg = Release|x86
		{95A4C1F0-3C84-4635-B37F-93B35297F709}.Release|x86.Build.0 = Release|x86
		{95A4C1F0-3C84-4635-B37F-93B35297F709}.Release|x86.Deploy.0 = Release|x86
	EndGlobalSection
	GlobalSection(SolutionProperties) = preSolution
		HideSolutionNode = FALSE
	EndGlobalSection
	GlobalSection(ExtensibilityGlobals) = postSolution
		SolutionGuid = {DCCC0EA9-B8F2-4A4F-A70E-93DAB77DE5F3}
	EndGlobalSection
EndGlobal
